
Microsoft Visual Studio Solution File, Format Version 12.00
# Visual Studio 2012
Project("{FAE04EC0-301F-11D3-BF4B-00C04F79EFBC}") = "QuestionSet01", "QuestionSet01\QuestionSet01.csproj", "{CA10FF02-173A-466D-B0E9-EE8BFF635E74}"
EndProject
Global
	GlobalSection(SolutionConfigurationPlatforms) = preSolution
		Debug|Any CPU = Debug|Any CPU
		Release|Any CPU = Release|Any CPU
	EndGlobalSection
	GlobalSection(ProjectConfigurationPlatforms) = postSolution
		{CA10FF02-173A-466D-B0E9-EE8BFF635E74}.Debug|Any CPU.ActiveCfg = Debug|Any CPU
		{CA10FF02-173A-466D-B0E9-EE8BFF635E74}.Debug|Any CPU.Build.0 = Debug|Any CPU
		{CA10FF02-173A-466D-B0E9-EE8BFF635E74}.Release|Any CPU.ActiveCfg = Release|Any CPU
		{CA10FF02-173A-466D-B0E9-EE8BFF635E74}.Release|Any CPU.Build.0 = Release|Any CPU
	EndGlobalSection
	GlobalSection(SolutionProperties) = preSolution
		HideSolutionNode = FALSE
	EndGlobalSection
EndGlobal
